// !$*UTF8*$!
{
	archiveVersion = 1;
	classes = {
	};
	objectVersion = 46;
	objects = {

/* Begin PBXBuildFile section */
		AAB80DFF1F03EBFA0002582C /* Duck.m in Sources */ = {isa = PBXBuildFile; fileRef = AAB80DFE1F03EBFA0002582C /* Duck.m */; };
		AAB80E021F03ED3F0002582C /* RubberDuck.m in Sources */ = {isa = PBXBuildFile; fileRef = AAB80E011F03ED3F0002582C /* RubberDuck.m */; };
		AADA3D5E1EB91A5B006EF7F9 /* main.m in Sources */ = {isa = PBXBuildFile; fileRef = AADA3D5D1EB91A5B006EF7F9 /* main.m */; };
		AADA3D661EB91A7C006EF7F9 /* MallardDuck.m in Sources */ = {isa = PBXBuildFile; fileRef = AADA3D651EB91A7C006EF7F9 /* MallardDuck.m */; };
		AADA3D691EB91A8F006EF7F9 /* PaintedDuck.m in Sources */ = {isa = PBXBuildFile; fileRef = AADA3D681EB91A8F006EF7F9 /* PaintedDuck.m */; };
/* End PBXBuildFile section */

/* Begin PBXCopyFilesBuildPhase section */
		AADA3D581EB91A5B006EF7F9 /* CopyFiles */ = {
			isa = PBXCopyFilesBuildPhase;
			buildActionMask = 2147483647;
			dstPath = /usr/share/man/man1/;
			dstSubfolderSpec = 0;
			files = (
			);
			runOnlyForDeploymentPostprocessing = 1;
		};
/* End PBXCopyFilesBuildPhase section */

/* Begin PBXFileReference section */
		AAB80DFD1F03EBFA0002582C /* Duck.h */ = {isa = PBXFileReference; fileEncoding = 4; lastKnownFileType = sourcecode.c.h; path = Duck.h; sourceTree = "<group>"; };
		AAB80DFE1F03EBFA0002582C /* Duck.m */ = {isa = PBXFileReference; fileEncoding = 4; lastKnownFileType = sourcecode.c.objc; path = Duck.m; sourceTree = "<group>"; };
		AAB80E001F03ED3F0002582C /* RubberDuck.h */ = {isa = PBXFileReference; fileEncoding = 4; lastKnownFileType = sourcecode.c.h; path = RubberDuck.h; sourceTree = "<group>"; };
		AAB80E011F03ED3F0002582C /* RubberDuck.m */ = {isa = PBXFileReference; fileEncoding = 4; lastKnownFileType = sourcecode.c.objc; path = RubberDuck.m; sourceTree = "<group>"; };
		AADA3D5A1EB91A5B006EF7F9 /* Inheritance */ = {isa = PBXFileReference; explicitFileType = "compiled.mach-o.executable"; includeInIndex = 0; path = Inheritance; sourceTree = BUILT_PRODUCTS_DIR; };
		AADA3D5D1EB91A5B006EF7F9 /* main.m */ = {isa = PBXFileReference; lastKnownFileType = sourcecode.c.objc; path = main.m; sourceTree = "<group>"; };
		AADA3D641EB91A7C006EF7F9 /* MallardDuck.h */ = {isa = PBXFileReference; fileEncoding = 4; lastKnownFileType = sourcecode.c.h; path = MallardDuck.h; sourceTree = "<group>"; };
		AADA3D651EB91A7C006EF7F9 /* MallardDuck.m */ = {isa = PBXFileReference; fileEncoding = 4; lastKnownFileType = sourcecode.c.objc; path = MallardDuck.m; sourceTree = "<group>"; };
		AADA3D671EB91A8F006EF7F9 /* PaintedDuck.h */ = {isa = PBXFileReference; fileEncoding = 4; lastKnownFileType = sourcecode.c.h; path = PaintedDuck.h; sourceTree = "<group>"; };
		AADA3D681EB91A8F006EF7F9 /* PaintedDuck.m */ = {isa = PBXFileReference; fileEncoding = 4; lastKnownFileType = sourcecode.c.objc; path = PaintedDuck.m; sourceTree = "<group>"; };
/* End PBXFileReference section */

/* Begin PBXFrameworksBuildPhase section */
		AADA3D571EB91A5B006EF7F9 /* Frameworks */ = {
			isa = PBXFrameworksBuildPhase;
			buildActionMask = 2147483647;
			files = (
			);
			runOnlyForDeploymentPostprocessing = 0;
		};
/* End PBXFrameworksBuildPhase section */

/* Begin PBXGroup section */
		AADA3D511EB91A5B006EF7F9 = {
			isa = PBXGroup;
			children = (
				AADA3D5C1EB91A5B006EF7F9 /* Inheritance */,
				AADA3D5B1EB91A5B006EF7F9 /* Products */,
			);
			sourceTree = "<group>";
		};
		AADA3D5B1EB91A5B006EF7F9 /* Products */ = {
			isa = PBXGroup;
			children = (
				AADA3D5A1EB91A5B006EF7F9 /* Inheritance */,
			);
			name = Products;
			sourceTree = "<group>";
		};
		AADA3D5C1EB91A5B006EF7F9 /* Inheritance */ = {
			isa = PBXGroup;
			children = (
				AADA3D5D1EB91A5B006EF7F9 /* main.m */,
				AAB80DFD1F03EBFA0002582C /* Duck.h */,
				AAB80DFE1F03EBFA0002582C /* Duck.m */,
				AADA3D641EB91A7C006EF7F9 /* MallardDuck.h */,
				AADA3D651EB91A7C006EF7F9 /* MallardDuck.m */,
				AADA3D671EB91A8F006EF7F9 /* PaintedDuck.h */,
				AADA3D681EB91A8F006EF7F9 /* PaintedDuck.m */,
				AAB80E001F03ED3F0002582C /* RubberDuck.h */,
				AAB80E011F03ED3F0002582C /* RubberDuck.m */,
			);
			path = Inheritance;
			sourceTree = "<group>";
		};
/* End PBXGroup section */

/* Begin PBXNativeTarget section */
		AADA3D591EB91A5B006EF7F9 /* Inheritance */ = {
			isa = PBXNativeTarget;
			buildConfigurationList = AADA3D611EB91A5B006EF7F9 /* Build configuration list for PBXNativeTarget "Inheritance" */;
			buildPhases = (
				AADA3D561EB91A5B006EF7F9 /* Sources */,
				AADA3D571EB91A5B006EF7F9 /* Frameworks */,
				AADA3D581EB91A5B006EF7F9 /* CopyFiles */,
			);
			buildRules = (
			);
			dependencies = (
			);
			name = Inheritance;
			productName = Inheritance;
			productReference = AADA3D5A1EB91A5B006EF7F9 /* Inheritance */;
			productType = "com.apple.product-type.tool";
		};
/* End PBXNativeTarget section */

/* Begin PBXProject section */
		AADA3D521EB91A5B006EF7F9 /* Project object */ = {
			isa = PBXProject;
			attributes = {
				LastUpgradeCheck = 0830;
				ORGANIZATIONNAME = steve;
				TargetAttributes = {
					AADA3D591EB91A5B006EF7F9 = {
						CreatedOnToolsVersion = 8.3.2;
						DevelopmentTeam = 6D3DA9G4XW;
						ProvisioningStyle = Automatic;
					};
				};
			};
			buildConfigurationList = AADA3D551EB91A5B006EF7F9 /* Build configuration list for PBXProject "Inheritance" */;
			compatibilityVersion = "Xcode 3.2";
			developmentRegion = English;
			hasScannedForEncodings = 0;
			knownRegions = (
				en,
			);
			mainGroup = AADA3D511EB91A5B006EF7F9;
			productRefGroup = AADA3D5B1EB91A5B006EF7F9 /* Products */;
			projectDirPath = "";
			projectRoot = "";
			targets = (
				AADA3D591EB91A5B006EF7F9 /* Inheritance */,
			);
		};
/* End PBXProject section */

/* Begin PBXSourcesBuildPhase section */
		AADA3D561EB91A5B006EF7F9 /* Sources */ = {
			isa = PBXSourcesBuildPhase;
			buildActionMask = 2147483647;
			files = (
				AAB80DFF1F03EBFA0002582C /* Duck.m in Sources */,
				AADA3D691EB91A8F006EF7F9 /* PaintedDuck.m in Sources */,
				AADA3D661EB91A7C006EF7F9 /* MallardDuck.m in Sources */,
				AADA3D5E1EB91A5B006EF7F9 /* main.m in Sources */,
				AAB80E021F03ED3F0002582C /* RubberDuck.m in Sources */,
			);
			runOnlyForDeploymentPostprocessing = 0;
		};
/* End PBXSourcesBuildPhase section */

/* Begin XCBuildConfiguration section */
		AADA3D5F1EB91A5B006EF7F9 /* Debug */ = {
			isa = XCBuildConfiguration;
			buildSettings = {
				ALWAYS_SEARCH_USER_PATHS = NO;
				CLANG_ANALYZER_NONNULL = YES;
				CLANG_ANALYZER_NUMBER_OBJECT_CONVERSION = YES_AGGRESSIVE;
				CLANG_CXX_LANGUAGE_STANDARD = "gnu++0x";
				CLANG_CXX_LIBRARY = "libc++";
				CLANG_ENABLE_MODULES = YES;
				CLANG_ENABLE_OBJC_ARC = YES;
				CLANG_WARN_BOOL_CONVERSION = YES;
				CLANG_WARN_CONSTANT_CONVERSION = YES;
				CLANG_WARN_DIRECT_OBJC_ISA_USAGE = YES_ERROR;
				CLANG_WARN_DOCUMENTATION_COMMENTS = YES;
				CLANG_WARN_EMPTY_BODY = YES;
				CLANG_WARN_ENUM_CONVERSION = YES;
				CLANG_WARN_INFINITE_RECURSION = YES;
				CLANG_WARN_INT_CONVERSION = YES;
				CLANG_WARN_OBJC_ROOT_CLASS = YES_ERROR;
				CLANG_WARN_SUSPICIOUS_MOVE = YES;
				CLANG_WARN_UNREACHABLE_CODE = YES;
				CLANG_WARN__DUPLICATE_METHOD_MATCH = YES;
				CODE_SIGN_IDENTITY = "-";
				COPY_PHASE_STRIP = NO;
				DEBUG_INFORMATION_FORMAT = dwarf;
				ENABLE_STRICT_OBJC_MSGSEND = YES;
				ENABLE_TESTABILITY = YES;
				GCC_C_LANGUAGE_STANDARD = gnu99;
				GCC_DYNAMIC_NO_PIC = NO;
				GCC_NO_COMMON_BLOCKS = YES;
				GCC_OPTIMIZATION_LEVEL = 0;
				GCC_PREPROCESSOR_DEFINITIONS = (
					"DEBUG=1",
					"$(inherited)",
				);
				GCC_WARN_64_TO_32_BIT_CONVERSION = YES;
				GCC_WARN_ABOUT_RETURN_TYPE = YES_ERROR;
				GCC_WARN_UNDECLARED_SELECTOR = YES;
				GCC_WARN_UNINITIALIZED_AUTOS = YES_AGGRESSIVE;
				GCC_WARN_UNUSED_FUNCTION = YES;
				GCC_WARN_UNUSED_VARIABLE = YES;
				MACOSX_DEPLOYMENT_TARGET = 10.12;
				MTL_ENABLE_DEBUG_INFO = YES;
				ONLY_ACTIVE_ARCH = YES;
				SDKROOT = macosx;
			};
			name = Debug;
		};
		AADA3D601EB91A5B006EF7F9 /* Release */ = {
			isa = XCBuildConfiguration;
			buildSettings = {
				ALWAYS_SEARCH_USER_PATHS = NO;
				CLANG_ANALYZER_NONNULL = YES;
				CLANG_ANALYZER_NUMBER_OBJECT_CONVERSION = YES_AGGRESSIVE;
				CLANG_CXX_LANGUAGE_STANDARD = "gnu++0x";
				CLANG_CXX_LIBRARY = "libc++";
				CLANG_ENABLE_MODULES = YES;
				CLANG_ENABLE_OBJC_ARC = YES;
				CLANG_WARN_BOOL_CONVERSION = YES;
				CLANG_WARN_CONSTANT_CONVERSION = YES;
				CLANG_WARN_DIRECT_OBJC_ISA_USAGE = YES_ERROR;
				CLANG_WARN_DOCUMENTATION_COMMENTS = YES;
				CLANG_WARN_EMPTY_BODY = YES;
				CLANG_WARN_ENUM_CONVERSION = YES;
				CLANG_WARN_INFINITE_RECURSION = YES;
				CLANG_WARN_INT_CONVERSION = YES;
				CLANG_WARN_OBJC_ROOT_CLASS = YES_ERROR;
				CLANG_WARN_SUSPICIOUS_MOVE = YES;
				CLANG_WARN_UNREACHABLE_CODE = YES;
				CLANG_WARN__DUPLICATE_METHOD_MATCH = YES;
				CODE_SIGN_IDENTITY = "-";
				COPY_PHASE_STRIP = NO;
				DEBUG_INFORMATION_FORMAT = "dwarf-with-dsym";
				ENABLE_NS_ASSERTIONS = NO;
				ENABLE_STRICT_OBJC_MSGSEND = YES;
				GCC_C_LANGUAGE_STANDARD = gnu99;
				GCC_NO_COMMON_BLOCKS = YES;
				GCC_WARN_64_TO_32_BIT_CONVERSION = YES;
				GCC_WARN_ABOUT_RETURN_TYPE = YES_ERROR;
				GCC_WARN_UNDECLARED_SELECTOR = YES;
				GCC_WARN_UNINITIALIZED_AUTOS = YES_AGGRESSIVE;
				GCC_WARN_UNUSED_FUNCTION = YES;
				GCC_WARN_UNUSED_VARIABLE = YES;
				MACOSX_DEPLOYMENT_TARGET = 10.12;
				MTL_ENABLE_DEBUG_INFO = NO;
				SDKROOT = macosx;
			};
			name = Release;
		};
		AADA3D621EB91A5B006EF7F9 /* Debug */ = {
			isa = XCBuildConfiguration;
			buildSettings = {
				DEVELOPMENT_TEAM = 6D3DA9G4XW;
				PRODUCT_NAME = "$(TARGET_NAME)";
			};
			name = Debug;
		};
		AADA3D631EB91A5B006EF7F9 /* Release */ = {
			isa = XCBuildConfiguration;
			buildSettings = {
				DEVELOPMENT_TEAM = 6D3DA9G4XW;
				PRODUCT_NAME = "$(TARGET_NAME)";
			};
			name = Release;
		};
/* End XCBuildConfiguration section */

/* Begin XCConfigurationList section */
		AADA3D551EB91A5B006EF7F9 /* Build configuration list for PBXProject "Inheritance" */ = {
			isa = XCConfigurationList;
			buildConfigurations = (
				AADA3D5F1EB91A5B006EF7F9 /* Debug */,
				AADA3D601EB91A5B006EF7F9 /* Release */,
			);
			defaultConfigurationIsVisible = 0;
			defaultConfigurationName = Release;
		};
		AADA3D611EB91A5B006EF7F9 /* Build configuration list for PBXNativeTarget "Inheritance" */ = {
			isa = XCConfigurationList;
			buildConfigurations = (
				AADA3D621EB91A5B006EF7F9 /* Debug */,
				AADA3D631EB91A5B006EF7F9 /* Release */,
			);
			defaultConfigurationIsVisible = 0;
			defaultConfigurationName = Release;
		};
/* End XCConfigurationList section */
	};
	rootObject = AADA3D521EB91A5B006EF7F9 /* Project object */;
}
